
Microsoft Visual Studio Solution File, Format Version 12.00
# Visual Studio Version 17
VisualStudioVersion = 17.1.32210.238
MinimumVisualStudioVersion = 10.0.40219.1
Project("{9A19103F-16F7-4668-BE54-9A1E7A4F7556}") = "AppDbContext", "AppDbContext\AppDbContext.csproj", "{D7A83DA2-49FC-4BC0-A8F4-5445048D8717}"
EndProject
Project("{FAE04EC0-301F-11D3-BF4B-00C04F79EFBC}") = "ECommerce", "ECommerce\ECommerce.csproj", "{17EF1EB4-C03F-43BB-BABF-42D1F641DB9C}"
EndProject
Global
	GlobalSection(SolutionConfigurationPlatforms) = preSolution
		Debug|Any CPU = Debug|Any CPU
		Release|Any CPU = Release|Any CPU
	EndGlobalSection
	GlobalSection(ProjectConfigurationPlatforms) = postSolution
		{D7A83DA2-49FC-4BC0-A8F4-5445048D8717}.Debug|Any CPU.ActiveCfg = Debug|Any CPU
		{D7A83DA2-49FC-4BC0-A8F4-5445048D8717}.Debug|Any CPU.Build.0 = Debug|Any CPU
		{D7A83DA2-49FC-4BC0-A8F4-5445048D8717}.Release|Any CPU.ActiveCfg = Release|Any CPU
		{D7A83DA2-49FC-4BC0-A8F4-5445048D8717}.Release|Any CPU.Build.0 = Release|Any CPU
		{17EF1EB4-C03F-43BB-BABF-42D1F641DB9C}.Debug|Any CPU.ActiveCfg = Debug|Any CPU
		{17EF1EB4-C03F-43BB-BABF-42D1F641DB9C}.Debug|Any CPU.Build.0 = Debug|Any CPU
		{17EF1EB4-C03F-43BB-BABF-42D1F641DB9C}.Release|Any CPU.ActiveCfg = Release|Any CPU
		{17EF1EB4-C03F-43BB-BABF-42D1F641DB9C}.Release|Any CPU.Build.0 = Release|Any CPU
	EndGlobalSection
	GlobalSection(SolutionProperties) = preSolution
		HideSolutionNode = FALSE
	EndGlobalSection
	GlobalSection(ExtensibilityGlobals) = postSolution
		SolutionGuid = {959FBA83-3D3C-4742-ACBD-D5CC8EC3BCAC}
	EndGlobalSection
EndGlobal
